github.com/nafigator/http/headers v1.0.9 h1:jX+bNHAv9nPX24IUnm7o9jAx6WdQHmwXN+Wz30ISntI=
github.com/nafigator/http/headers v1.0.9/go.mod h1:1HFNFasu6FaZ8jYr1eYzkRZDSoBeDxwPkRCeLc6a/Zs=
github.com/nafigator/http/mime v1.1.0 h1:TkWMLNVMSTFM1eJoirclnFK+hK2Wrj7N5f6hAr35Q/g=
github.com/nafigator/http/mime v1.1.0/go.mod h1:BMUh/07lDuXRZCqO3a3frssJ/wD3Ab/M7Nya9gvRqlo=
github.com/nafigator/http/response/wrapper v1.0.0 h1:38QDMkJNrsCgH8IMRPL7Niiw6EjjL0P3TBYWpPJPNkw=
github.com/nafigator/http/response/wrapper v1.0.0/go.mod h1:+zKFQpsDJv6HJ00o8b7UprMdnl33qHrMFMLzpMdz4Y8=
