github.com/nafigator/http/headers v1.0.7 h1:kccpAbSt5jC4JiHX+3HUlkavajCdq5l+nXjLMCGmu1M=
github.com/nafigator/http/headers v1.0.7/go.mod h1:1HFNFasu6FaZ8jYr1eYzkRZDSoBeDxwPkRCeLc6a/Zs=
github.com/nafigator/http/mime v1.0.0 h1:1ecdZQwOuyzXTdAFmUH4ZYeXNke4BI6d0ooHXpudBfk=
github.com/nafigator/http/mime v1.0.0/go.mod h1:BMUh/07lDuXRZCqO3a3frssJ/wD3Ab/M7Nya9gvRqlo=
github.com/nafigator/http/response/wrapper v0.0.0-20250112062045-2cc21be02f94 h1:cpaDY1tvzxvh/3zKr6IMdeLpeVc814aeul8s7Ov6ycE=
github.com/nafigator/http/response/wrapper v0.0.0-20250112062045-2cc21be02f94/go.mod h1:+zKFQpsDJv6HJ00o8b7UprMdnl33qHrMFMLzpMdz4Y8=
